
Microsoft Visual Studio Solution File, Format Version 12.00
# Visual Studio Version 17
VisualStudioVersion = 17.5.002.0
MinimumVisualStudioVersion = 10.0.40219.1
Project("{9A19103F-16F7-4668-BE54-9A1E7A4F7556}") = "SimuladorTemperaturaConsumidor", "SimuladorTemperaturaConsumidor\SimuladorTemperaturaConsumidor.csproj", "{A23A45C6-98CB-452A-8155-C7930B7831BE}"
EndProject
Project("{9A19103F-16F7-4668-BE54-9A1E7A4F7556}") = "SimuladorTemperaturaProductor", "SimuladorTemperaturaProductor\SimuladorTemperaturaProductor.csproj", "{23E52A0D-95A7-4677-BA17-B8634CCC21C4}"
EndProject
Global
	GlobalSection(SolutionConfigurationPlatforms) = preSolution
		Debug|Any CPU = Debug|Any CPU
		Release|Any CPU = Release|Any CPU
	EndGlobalSection
	GlobalSection(ProjectConfigurationPlatforms) = postSolution
		{A23A45C6-98CB-452A-8155-C7930B7831BE}.Debug|Any CPU.ActiveCfg = Debug|Any CPU
		{A23A45C6-98CB-452A-8155-C7930B7831BE}.Debug|Any CPU.Build.0 = Debug|Any CPU
		{A23A45C6-98CB-452A-8155-C7930B7831BE}.Release|Any CPU.ActiveCfg = Release|Any CPU
		{A23A45C6-98CB-452A-8155-C7930B7831BE}.Release|Any CPU.Build.0 = Release|Any CPU
		{23E52A0D-95A7-4677-BA17-B8634CCC21C4}.Debug|Any CPU.ActiveCfg = Debug|Any CPU
		{23E52A0D-95A7-4677-BA17-B8634CCC21C4}.Debug|Any CPU.Build.0 = Debug|Any CPU
		{23E52A0D-95A7-4677-BA17-B8634CCC21C4}.Release|Any CPU.ActiveCfg = Release|Any CPU
		{23E52A0D-95A7-4677-BA17-B8634CCC21C4}.Release|Any CPU.Build.0 = Release|Any CPU
	EndGlobalSection
	GlobalSection(SolutionProperties) = preSolution
		HideSolutionNode = FALSE
	EndGlobalSection
	GlobalSection(ExtensibilityGlobals) = postSolution
		SolutionGuid = {FF1332F2-1171-47EE-832E-D85DB61C6AB0}
	EndGlobalSection
EndGlobal
